
Microsoft Visual Studio Solution File, Format Version 12.00
# Visual Studio Version 17
VisualStudioVersion = 17.13.35825.156 d17.13
MinimumVisualStudioVersion = 10.0.40219.1
Project("{FAE04EC0-301F-11D3-BF4B-00C04F79EFBC}") = "AdvertisingAgency", "AdvertisingAgency\AdvertisingAgency.csproj", "{272493D7-4B68-4E5D-A33F-1743C0827F4F}"
EndProject
Global
	GlobalSection(SolutionConfigurationPlatforms) = preSolution
		Debug|Any CPU = Debug|Any CPU
		Release|Any CPU = Release|Any CPU
	EndGlobalSection
	GlobalSection(ProjectConfigurationPlatforms) = postSolution
		{272493D7-4B68-4E5D-A33F-1743C0827F4F}.Debug|Any CPU.ActiveCfg = Debug|Any CPU
		{272493D7-4B68-4E5D-A33F-1743C0827F4F}.Debug|Any CPU.Build.0 = Debug|Any CPU
		{272493D7-4B68-4E5D-A33F-1743C0827F4F}.Release|Any CPU.ActiveCfg = Release|Any CPU
		{272493D7-4B68-4E5D-A33F-1743C0827F4F}.Release|Any CPU.Build.0 = Release|Any CPU
	EndGlobalSection
	GlobalSection(SolutionProperties) = preSolution
		HideSolutionNode = FALSE
	EndGlobalSection
	GlobalSection(ExtensibilityGlobals) = postSolution
		SolutionGuid = {A7F27C1A-F47F-49E2-AD37-EA36883BEF34}
	EndGlobalSection
EndGlobal
